
Microsoft Visual Studio Solution File, Format Version 12.00
# Visual Studio 15
Project("{FAE04EC0-301F-11D3-BF4B-00C04F79EFBC}") = "Assembly-CSharp", "Assembly-CSharp.csproj", "{CCD0291F-3EFC-AA87-FC57-35F54210122B}"
EndProject
Project("{FAE04EC0-301F-11D3-BF4B-00C04F79EFBC}") = "Assembly-CSharp-firstpass", "Assembly-CSharp-firstpass.csproj", "{2483BE61-E095-998B-11F5-2C5D6B7A60C4}"
EndProject
Project("{FAE04EC0-301F-11D3-BF4B-00C04F79EFBC}") = "Unity.XR.Management.Samples", "Unity.XR.Management.Samples.csproj", "{B03D56D8-D9BB-46D0-B897-2CDD17A37900}"
EndProject
Project("{FAE04EC0-301F-11D3-BF4B-00C04F79EFBC}") = "Unity.XR.Management.Samples.Editor", "Unity.XR.Management.Samples.Editor.csproj", "{3886B9D5-DA08-3681-5574-B9BC9746C6E1}"
EndProject
Global
	GlobalSection(SolutionConfigurationPlatforms) = preSolution
		Debug|Any CPU = Debug|Any CPU
		Release|Any CPU = Release|Any CPU
	EndGlobalSection
	GlobalSection(ProjectConfigurationPlatforms) = postSolution
		{CCD0291F-3EFC-AA87-FC57-35F54210122B}.Debug|Any CPU.ActiveCfg = Debug|Any CPU
		{CCD0291F-3EFC-AA87-FC57-35F54210122B}.Debug|Any CPU.Build.0 = Debug|Any CPU
		{CCD0291F-3EFC-AA87-FC57-35F54210122B}.Release|Any CPU.ActiveCfg = Release|Any CPU
		{CCD0291F-3EFC-AA87-FC57-35F54210122B}.Release|Any CPU.Build.0 = Release|Any CPU
		{2483BE61-E095-998B-11F5-2C5D6B7A60C4}.Debug|Any CPU.ActiveCfg = Debug|Any CPU
		{2483BE61-E095-998B-11F5-2C5D6B7A60C4}.Debug|Any CPU.Build.0 = Debug|Any CPU
		{2483BE61-E095-998B-11F5-2C5D6B7A60C4}.Release|Any CPU.ActiveCfg = Release|Any CPU
		{2483BE61-E095-998B-11F5-2C5D6B7A60C4}.Release|Any CPU.Build.0 = Release|Any CPU
		{B03D56D8-D9BB-46D0-B897-2CDD17A37900}.Debug|Any CPU.ActiveCfg = Debug|Any CPU
		{B03D56D8-D9BB-46D0-B897-2CDD17A37900}.Debug|Any CPU.Build.0 = Debug|Any CPU
		{B03D56D8-D9BB-46D0-B897-2CDD17A37900}.Release|Any CPU.ActiveCfg = Release|Any CPU
		{B03D56D8-D9BB-46D0-B897-2CDD17A37900}.Release|Any CPU.Build.0 = Release|Any CPU
		{3886B9D5-DA08-3681-5574-B9BC9746C6E1}.Debug|Any CPU.ActiveCfg = Debug|Any CPU
		{3886B9D5-DA08-3681-5574-B9BC9746C6E1}.Debug|Any CPU.Build.0 = Debug|Any CPU
		{3886B9D5-DA08-3681-5574-B9BC9746C6E1}.Release|Any CPU.ActiveCfg = Release|Any CPU
		{3886B9D5-DA08-3681-5574-B9BC9746C6E1}.Release|Any CPU.Build.0 = Release|Any CPU
	EndGlobalSection
	GlobalSection(SolutionProperties) = preSolution
		HideSolutionNode = FALSE
	EndGlobalSection
EndGlobal
